// !$*UTF8*$!
{
	archiveVersion = 1;
	classes = {
	};
	objectVersion = 56;
	objects = {

/* Begin PBXBuildFile section */
		F8986C3B2B3760400026D18D /* AppDelegate.swift in Sources */ = {isa = PBXBuildFile; fileRef = F8986C3A2B3760400026D18D /* AppDelegate.swift */; };
		F8986C3D2B3760400026D18D /* SceneDelegate.swift in Sources */ = {isa = PBXBuildFile; fileRef = F8986C3C2B3760400026D18D /* SceneDelegate.swift */; };
		F8986C3F2B3760400026D18D /* ViewController.swift in Sources */ = {isa = PBXBuildFile; fileRef = F8986C3E2B3760400026D18D /* ViewController.swift */; };
		F8986C422B3760400026D18D /* Main.storyboard in Resources */ = {isa = PBXBuildFile; fileRef = F8986C402B3760400026D18D /* Main.storyboard */; };
		F8986C442B3760410026D18D /* Assets.xcassets in Resources */ = {isa = PBXBuildFile; fileRef = F8986C432B3760410026D18D /* Assets.xcassets */; };
		F8986C472B3760410026D18D /* LaunchScreen.storyboard in Resources */ = {isa = PBXBuildFile; fileRef = F8986C452B3760410026D18D /* LaunchScreen.storyboard */; };
		F8986C522B3760410026D18D /* SampleFileIOTests.swift in Sources */ = {isa = PBXBuildFile; fileRef = F8986C512B3760410026D18D /* SampleFileIOTests.swift */; };
		F8986C5C2B3760410026D18D /* SampleFileIOUITests.swift in Sources */ = {isa = PBXBuildFile; fileRef = F8986C5B2B3760410026D18D /* SampleFileIOUITests.swift */; };
		F8986C5E2B3760410026D18D /* SampleFileIOUITestsLaunchTests.swift in Sources */ = {isa = PBXBuildFile; fileRef = F8986C5D2B3760410026D18D /* SampleFileIOUITestsLaunchTests.swift */; };
/* End PBXBuildFile section */

/* Begin PBXContainerItemProxy section */
		F8986C4E2B3760410026D18D /* PBXContainerItemProxy */ = {
			isa = PBXContainerItemProxy;
			containerPortal = F8986C2F2B3760400026D18D /* Project object */;
			proxyType = 1;
			remoteGlobalIDString = F8986C362B3760400026D18D;
			remoteInfo = SampleFileIO;
		};
		F8986C582B3760410026D18D /* PBXContainerItemProxy */ = {
			isa = PBXContainerItemProxy;
			containerPortal = F8986C2F2B3760400026D18D /* Project object */;
			proxyType = 1;
			remoteGlobalIDString = F8986C362B3760400026D18D;
			remoteInfo = SampleFileIO;
		};
/* End PBXContainerItemProxy section */

/* Begin PBXFileReference section */
		F8986C372B3760400026D18D /* SampleFileIO.app */ = {isa = PBXFileReference; explicitFileType = wrapper.application; includeInIndex = 0; path = SampleFileIO.app; sourceTree = BUILT_PRODUCTS_DIR; };
		F8986C3A2B3760400026D18D /* AppDelegate.swift */ = {isa = PBXFileReference; lastKnownFileType = sourcecode.swift; path = AppDelegate.swift; sourceTree = "<group>"; };
		F8986C3C2B3760400026D18D /* SceneDelegate.swift */ = {isa = PBXFileReference; lastKnownFileType = sourcecode.swift; path = SceneDelegate.swift; sourceTree = "<group>"; };
		F8986C3E2B3760400026D18D /* ViewController.swift */ = {isa = PBXFileReference; lastKnownFileType = sourcecode.swift; path = ViewController.swift; sourceTree = "<group>"; };
		F8986C412B3760400026D18D /* Base */ = {isa = PBXFileReference; lastKnownFileType = file.storyboard; name = Base; path = Base.lproj/Main.storyboard; sourceTree = "<group>"; };
		F8986C432B3760410026D18D /* Assets.xcassets */ = {isa = PBXFileReference; lastKnownFileType = folder.assetcatalog; path = Assets.xcassets; sourceTree = "<group>"; };
		F8986C462B3760410026D18D /* Base */ = {isa = PBXFileReference; lastKnownFileType = file.storyboard; name = Base; path = Base.lproj/LaunchScreen.storyboard; sourceTree = "<group>"; };
		F8986C482B3760410026D18D /* Info.plist */ = {isa = PBXFileReference; lastKnownFileType = text.plist.xml; path = Info.plist; sourceTree = "<group>"; };
		F8986C4D2B3760410026D18D /* SampleFileIOTests.xctest */ = {isa = PBXFileReference; explicitFileType = wrapper.cfbundle; includeInIndex = 0; path = SampleFileIOTests.xctest; sourceTree = BUILT_PRODUCTS_DIR; };
		F8986C512B3760410026D18D /* SampleFileIOTests.swift */ = {isa = PBXFileReference; lastKnownFileType = sourcecode.swift; path = SampleFileIOTests.swift; sourceTree = "<group>"; };
		F8986C572B3760410026D18D /* SampleFileIOUITests.xctest */ = {isa = PBXFileReference; explicitFileType = wrapper.cfbundle; includeInIndex = 0; path = SampleFileIOUITests.xctest; sourceTree = BUILT_PRODUCTS_DIR; };
		F8986C5B2B3760410026D18D /* SampleFileIOUITests.swift */ = {isa = PBXFileReference; lastKnownFileType = sourcecode.swift; path = SampleFileIOUITests.swift; sourceTree = "<group>"; };
		F8986C5D2B3760410026D18D /* SampleFileIOUITestsLaunchTests.swift */ = {isa = PBXFileReference; lastKnownFileType = sourcecode.swift; path = SampleFileIOUITestsLaunchTests.swift; sourceTree = "<group>"; };
/* End PBXFileReference section */

/* Begin PBXFrameworksBuildPhase section */
		F8986C342B3760400026D18D /* Frameworks */ = {
			isa = PBXFrameworksBuildPhase;
			buildActionMask = 2147483647;
			files = (
			);
			runOnlyForDeploymentPostprocessing = 0;
		};
		F8986C4A2B3760410026D18D /* Frameworks */ = {
			isa = PBXFrameworksBuildPhase;
			buildActionMask = 2147483647;
			files = (
			);
			runOnlyForDeploymentPostprocessing = 0;
		};
		F8986C542B3760410026D18D /* Frameworks */ = {
			isa = PBXFrameworksBuildPhase;
			buildActionMask = 2147483647;
			files = (
			);
			runOnlyForDeploymentPostprocessing = 0;
		};
/* End PBXFrameworksBuildPhase section */

/* Begin PBXGroup section */
		F8986C2E2B3760400026D18D = {
			isa = PBXGroup;
			children = (
				F8986C392B3760400026D18D /* SampleFileIO */,
				F8986C502B3760410026D18D /* SampleFileIOTests */,
				F8986C5A2B3760410026D18D /* SampleFileIOUITests */,
				F8986C382B3760400026D18D /* Products */,
			);
			sourceTree = "<group>";
		};
		F8986C382B3760400026D18D /* Products */ = {
			isa = PBXGroup;
			children = (
				F8986C372B3760400026D18D /* SampleFileIO.app */,
				F8986C4D2B3760410026D18D /* SampleFileIOTests.xctest */,
				F8986C572B3760410026D18D /* SampleFileIOUITests.xctest */,
			);
			name = Products;
			sourceTree = "<group>";
		};
		F8986C392B3760400026D18D /* SampleFileIO */ = {
			isa = PBXGroup;
			children = (
				F8986C3A2B3760400026D18D /* AppDelegate.swift */,
				F8986C3C2B3760400026D18D /* SceneDelegate.swift */,
				F8986C3E2B3760400026D18D /* ViewController.swift */,
				F8986C402B3760400026D18D /* Main.storyboard */,
				F8986C432B3760410026D18D /* Assets.xcassets */,
				F8986C452B3760410026D18D /* LaunchScreen.storyboard */,
				F8986C482B3760410026D18D /* Info.plist */,
			);
			path = SampleFileIO;
			sourceTree = "<group>";
		};
		F8986C502B3760410026D18D /* SampleFileIOTests */ = {
			isa = PBXGroup;
			children = (
				F8986C512B3760410026D18D /* SampleFileIOTests.swift */,
			);
			path = SampleFileIOTests;
			sourceTree = "<group>";
		};
		F8986C5A2B3760410026D18D /* SampleFileIOUITests */ = {
			isa = PBXGroup;
			children = (
				F8986C5B2B3760410026D18D /* SampleFileIOUITests.swift */,
				F8986C5D2B3760410026D18D /* SampleFileIOUITestsLaunchTests.swift */,
			);
			path = SampleFileIOUITests;
			sourceTree = "<group>";
		};
/* End PBXGroup section */

/* Begin PBXNativeTarget section */
		F8986C362B3760400026D18D /* SampleFileIO */ = {
			isa = PBXNativeTarget;
			buildConfigurationList = F8986C612B3760410026D18D /* Build configuration list for PBXNativeTarget "SampleFileIO" */;
			buildPhases = (
				F8986C332B3760400026D18D /* Sources */,
				F8986C342B3760400026D18D /* Frameworks */,
				F8986C352B3760400026D18D /* Resources */,
			);
			buildRules = (
			);
			dependencies = (
			);
			name = SampleFileIO;
			productName = SampleFileIO;
			productReference = F8986C372B3760400026D18D /* SampleFileIO.app */;
			productType = "com.apple.product-type.application";
		};
		F8986C4C2B3760410026D18D /* SampleFileIOTests */ = {
			isa = PBXNativeTarget;
			buildConfigurationList = F8986C642B3760410026D18D /* Build configuration list for PBXNativeTarget "SampleFileIOTests" */;
			buildPhases = (
				F8986C492B3760410026D18D /* Sources */,
				F8986C4A2B3760410026D18D /* Frameworks */,
				F8986C4B2B3760410026D18D /* Resources */,
			);
			buildRules = (
			);
			dependencies = (
				F8986C4F2B3760410026D18D /* PBXTargetDependency */,
			);
			name = SampleFileIOTests;
			productName = SampleFileIOTests;
			productReference = F8986C4D2B3760410026D18D /* SampleFileIOTests.xctest */;
			productType = "com.apple.product-type.bundle.unit-test";
		};
		F8986C562B3760410026D18D /* SampleFileIOUITests */ = {
			isa = PBXNativeTarget;
			buildConfigurationList = F8986C672B3760410026D18D /* Build configuration list for PBXNativeTarget "SampleFileIOUITests" */;
			buildPhases = (
				F8986C532B3760410026D18D /* Sources */,
				F8986C542B3760410026D18D /* Frameworks */,
				F8986C552B3760410026D18D /* Resources */,
			);
			buildRules = (
			);
			dependencies = (
				F8986C592B3760410026D18D /* PBXTargetDependency */,
			);
			name = SampleFileIOUITests;
			productName = SampleFileIOUITests;
			productReference = F8986C572B3760410026D18D /* SampleFileIOUITests.xctest */;
			productType = "com.apple.product-type.bundle.ui-testing";
		};
/* End PBXNativeTarget section */

/* Begin PBXProject section */
		F8986C2F2B3760400026D18D /* Project object */ = {
			isa = PBXProject;
			attributes = {
				BuildIndependentTargetsInParallel = 1;
				LastSwiftUpdateCheck = 1500;
				LastUpgradeCheck = 1500;
				TargetAttributes = {
					F8986C362B3760400026D18D = {
						CreatedOnToolsVersion = 15.0.1;
					};
					F8986C4C2B3760410026D18D = {
						CreatedOnToolsVersion = 15.0.1;
						TestTargetID = F8986C362B3760400026D18D;
					};
					F8986C562B3760410026D18D = {
						CreatedOnToolsVersion = 15.0.1;
						TestTargetID = F8986C362B3760400026D18D;
					};
				};
			};
			buildConfigurationList = F8986C322B3760400026D18D /* Build configuration list for PBXProject "SampleFileIO" */;
			compatibilityVersion = "Xcode 14.0";
			developmentRegion = en;
			hasScannedForEncodings = 0;
			knownRegions = (
				en,
				Base,
			);
			mainGroup = F8986C2E2B3760400026D18D;
			productRefGroup = F8986C382B3760400026D18D /* Products */;
			projectDirPath = "";
			projectRoot = "";
			targets = (
				F8986C362B3760400026D18D /* SampleFileIO */,
				F8986C4C2B3760410026D18D /* SampleFileIOTests */,
				F8986C562B3760410026D18D /* SampleFileIOUITests */,
			);
		};
/* End PBXProject section */

/* Begin PBXResourcesBuildPhase section */
		F8986C352B3760400026D18D /* Resources */ = {
			isa = PBXResourcesBuildPhase;
			buildActionMask = 2147483647;
			files = (
				F8986C472B3760410026D18D /* LaunchScreen.storyboard in Resources */,
				F8986C442B3760410026D18D /* Assets.xcassets in Resources */,
				F8986C422B3760400026D18D /* Main.storyboard in Resources */,
			);
			runOnlyForDeploymentPostprocessing = 0;
		};
		F8986C4B2B3760410026D18D /* Resources */ = {
			isa = PBXResourcesBuildPhase;
			buildActionMask = 2147483647;
			files = (
			);
			runOnlyForDeploymentPostprocessing = 0;
		};
		F8986C552B3760410026D18D /* Resources */ = {
			isa = PBXResourcesBuildPhase;
			buildActionMask = 2147483647;
			files = (
			);
			runOnlyForDeploymentPostprocessing = 0;
		};
/* End PBXResourcesBuildPhase section */

/* Begin PBXSourcesBuildPhase section */
		F8986C332B3760400026D18D /* Sources */ = {
			isa = PBXSourcesBuildPhase;
			buildActionMask = 2147483647;
			files = (
				F8986C3F2B3760400026D18D /* ViewController.swift in Sources */,
				F8986C3B2B3760400026D18D /* AppDelegate.swift in Sources */,
				F8986C3D2B3760400026D18D /* SceneDelegate.swift in Sources */,
			);
			runOnlyForDeploymentPostprocessing = 0;
		};
		F8986C492B3760410026D18D /* Sources */ = {
			isa = PBXSourcesBuildPhase;
			buildActionMask = 2147483647;
			files = (
				F8986C522B3760410026D18D /* SampleFileIOTests.swift in Sources */,
			);
			runOnlyForDeploymentPostprocessing = 0;
		};
		F8986C532B3760410026D18D /* Sources */ = {
			isa = PBXSourcesBuildPhase;
			buildActionMask = 2147483647;
			files = (
				F8986C5E2B3760410026D18D /* SampleFileIOUITestsLaunchTests.swift in Sources */,
				F8986C5C2B3760410026D18D /* SampleFileIOUITests.swift in Sources */,
			);
			runOnlyForDeploymentPostprocessing = 0;
		};
/* End PBXSourcesBuildPhase section */

/* Begin PBXTargetDependency section */
		F8986C4F2B3760410026D18D /* PBXTargetDependency */ = {
			isa = PBXTargetDependency;
			target = F8986C362B3760400026D18D /* SampleFileIO */;
			targetProxy = F8986C4E2B3760410026D18D /* PBXContainerItemProxy */;
		};
		F8986C592B3760410026D18D /* PBXTargetDependency */ = {
			isa = PBXTargetDependency;
			target = F8986C362B3760400026D18D /* SampleFileIO */;
			targetProxy = F8986C582B3760410026D18D /* PBXContainerItemProxy */;
		};
/* End PBXTargetDependency section */

/* Begin PBXVariantGroup section */
		F8986C402B3760400026D18D /* Main.storyboard */ = {
			isa = PBXVariantGroup;
			children = (
				F8986C412B3760400026D18D /* Base */,
			);
			name = Main.storyboard;
			sourceTree = "<group>";
		};
		F8986C452B3760410026D18D /* LaunchScreen.storyboard */ = {
			isa = PBXVariantGroup;
			children = (
				F8986C462B3760410026D18D /* Base */,
			);
			name = LaunchScreen.storyboard;
			sourceTree = "<group>";
		};
/* End PBXVariantGroup section */

/* Begin XCBuildConfiguration section */
		F8986C5F2B3760410026D18D /* Debug */ = {
			isa = XCBuildConfiguration;
			buildSettings = {
				ALWAYS_SEARCH_USER_PATHS = NO;
				ASSETCATALOG_COMPILER_GENERATE_SWIFT_ASSET_SYMBOL_EXTENSIONS = YES;
				CLANG_ANALYZER_NONNULL = YES;
				CLANG_ANALYZER_NUMBER_OBJECT_CONVERSION = YES_AGGRESSIVE;
				CLANG_CXX_LANGUAGE_STANDARD = "gnu++20";
				CLANG_ENABLE_MODULES = YES;
				CLANG_ENABLE_OBJC_ARC = YES;
				CLANG_ENABLE_OBJC_WEAK = YES;
				CLANG_WARN_BLOCK_CAPTURE_AUTORELEASING = YES;
				CLANG_WARN_BOOL_CONVERSION = YES;
				CLANG_WARN_COMMA = YES;
				CLANG_WARN_CONSTANT_CONVERSION = YES;
				CLANG_WARN_DEPRECATED_OBJC_IMPLEMENTATIONS = YES;
				CLANG_WARN_DIRECT_OBJC_ISA_USAGE = YES_ERROR;
				CLANG_WARN_DOCUMENTATION_COMMENTS = YES;
				CLANG_WARN_EMPTY_BODY = YES;
				CLANG_WARN_ENUM_CONVERSION = YES;
				CLANG_WARN_INFINITE_RECURSION = YES;
				CLANG_WARN_INT_CONVERSION = YES;
				CLANG_WARN_NON_LITERAL_NULL_CONVERSION = YES;
				CLANG_WARN_OBJC_IMPLICIT_RETAIN_SELF = YES;
				CLANG_WARN_OBJC_LITERAL_CONVERSION = YES;
				CLANG_WARN_OBJC_ROOT_CLASS = YES_ERROR;
				CLANG_WARN_QUOTED_INCLUDE_IN_FRAMEWORK_HEADER = YES;
				CLANG_WARN_RANGE_LOOP_ANALYSIS = YES;
				CLANG_WARN_STRICT_PROTOTYPES = YES;
				CLANG_WARN_SUSPICIOUS_MOVE = YES;
				CLANG_WARN_UNGUARDED_AVAILABILITY = YES_AGGRESSIVE;
				CLANG_WARN_UNREACHABLE_CODE = YES;
				CLANG_WARN__DUPLICATE_METHOD_MATCH = YES;
				COPY_PHASE_STRIP = NO;
				DEBUG_INFORMATION_FORMAT = dwarf;
				ENABLE_STRICT_OBJC_MSGSEND = YES;
				ENABLE_TESTABILITY = YES;
				ENABLE_USER_SCRIPT_SANDBOXING = YES;
				GCC_C_LANGUAGE_STANDARD = gnu17;
				GCC_DYNAMIC_NO_PIC = NO;
				GCC_NO_COMMON_BLOCKS = YES;
				GCC_OPTIMIZATION_LEVEL = 0;
				GCC_PREPROCESSOR_DEFINITIONS = (
					"DEBUG=1",
					"$(inherited)",
				);
				GCC_WARN_64_TO_32_BIT_CONVERSION = YES;
				GCC_WARN_ABOUT_RETURN_TYPE = YES_ERROR;
				GCC_WARN_UNDECLARED_SELECTOR = YES;
				GCC_WARN_UNINITIALIZED_AUTOS = YES_AGGRESSIVE;
				GCC_WARN_UNUSED_FUNCTION = YES;
				GCC_WARN_UNUSED_VARIABLE = YES;
				IPHONEOS_DEPLOYMENT_TARGET = 17.0;
				LOCALIZATION_PREFERS_STRING_CATALOGS = YES;
				MTL_ENABLE_DEBUG_INFO = INCLUDE_SOURCE;
				MTL_FAST_MATH = YES;
				ONLY_ACTIVE_ARCH = YES;
				SDKROOT = iphoneos;
				SWIFT_ACTIVE_COMPILATION_CONDITIONS = "DEBUG $(inherited)";
				SWIFT_OPTIMIZATION_LEVEL = "-Onone";
			};
			name = Debug;
		};
		F8986C602B3760410026D18D /* Release */ = {
			isa = XCBuildConfiguration;
			buildSettings = {
				ALWAYS_SEARCH_USER_PATHS = NO;
				ASSETCATALOG_COMPILER_GENERATE_SWIFT_ASSET_SYMBOL_EXTENSIONS = YES;
				CLANG_ANALYZER_NONNULL = YES;
				CLANG_ANALYZER_NUMBER_OBJECT_CONVERSION = YES_AGGRESSIVE;
				CLANG_CXX_LANGUAGE_STANDARD = "gnu++20";
				CLANG_ENABLE_MODULES = YES;
				CLANG_ENABLE_OBJC_ARC = YES;
				CLANG_ENABLE_OBJC_WEAK = YES;
				CLANG_WARN_BLOCK_CAPTURE_AUTORELEASING = YES;
				CLANG_WARN_BOOL_CONVERSION = YES;
				CLANG_WARN_COMMA = YES;
				CLANG_WARN_CONSTANT_CONVERSION = YES;
				CLANG_WARN_DEPRECATED_OBJC_IMPLEMENTATIONS = YES;
				CLANG_WARN_DIRECT_OBJC_ISA_USAGE = YES_ERROR;
				CLANG_WARN_DOCUMENTATION_COMMENTS = YES;
				CLANG_WARN_EMPTY_BODY = YES;
				CLANG_WARN_ENUM_CONVERSION = YES;
				CLANG_WARN_INFINITE_RECURSION = YES;
				CLANG_WARN_INT_CONVERSION = YES;
				CLANG_WARN_NON_LITERAL_NULL_CONVERSION = YES;
				CLANG_WARN_OBJC_IMPLICIT_RETAIN_SELF = YES;
				CLANG_WARN_OBJC_LITERAL_CONVERSION = YES;
				CLANG_WARN_OBJC_ROOT_CLASS = YES_ERROR;
				CLANG_WARN_QUOTED_INCLUDE_IN_FRAMEWORK_HEADER = YES;
				CLANG_WARN_RANGE_LOOP_ANALYSIS = YES;
				CLANG_WARN_STRICT_PROTOTYPES = YES;
				CLANG_WARN_SUSPICIOUS_MOVE = YES;
				CLANG_WARN_UNGUARDED_AVAILABILITY = YES_AGGRESSIVE;
				CLANG_WARN_UNREACHABLE_CODE = YES;
				CLANG_WARN__DUPLICATE_METHOD_MATCH = YES;
				COPY_PHASE_STRIP = NO;
				DEBUG_INFORMATION_FORMAT = "dwarf-with-dsym";
				ENABLE_NS_ASSERTIONS = NO;
				ENABLE_STRICT_OBJC_MSGSEND = YES;
				ENABLE_USER_SCRIPT_SANDBOXING = YES;
				GCC_C_LANGUAGE_STANDARD = gnu17;
				GCC_NO_COMMON_BLOCKS = YES;
				GCC_WARN_64_TO_32_BIT_CONVERSION = YES;
				GCC_WARN_ABOUT_RETURN_TYPE = YES_ERROR;
				GCC_WARN_UNDECLARED_SELECTOR = YES;
				GCC_WARN_UNINITIALIZED_AUTOS = YES_AGGRESSIVE;
				GCC_WARN_UNUSED_FUNCTION = YES;
				GCC_WARN_UNUSED_VARIABLE = YES;
				IPHONEOS_DEPLOYMENT_TARGET = 17.0;
				LOCALIZATION_PREFERS_STRING_CATALOGS = YES;
				MTL_ENABLE_DEBUG_INFO = NO;
				MTL_FAST_MATH = YES;
				SDKROOT = iphoneos;
				SWIFT_COMPILATION_MODE = wholemodule;
				VALIDATE_PRODUCT = YES;
			};
			name = Release;
		};
		F8986C622B3760410026D18D /* Debug */ = {
			isa = XCBuildConfiguration;
			buildSettings = {
				ASSETCATALOG_COMPILER_APPICON_NAME = AppIcon;
				ASSETCATALOG_COMPILER_GLOBAL_ACCENT_COLOR_NAME = AccentColor;
				CODE_SIGN_STYLE = Automatic;
				CURRENT_PROJECT_VERSION = 1;
				DEVELOPMENT_TEAM = 2KUAP497LD;
				GENERATE_INFOPLIST_FILE = YES;
				INFOPLIST_FILE = SampleFileIO/Info.plist;
				INFOPLIST_KEY_UIApplicationSupportsIndirectInputEvents = YES;
				INFOPLIST_KEY_UILaunchStoryboardName = LaunchScreen;
				INFOPLIST_KEY_UIMainStoryboardFile = Main;
				INFOPLIST_KEY_UISupportedInterfaceOrientations_iPad = "UIInterfaceOrientationPortrait UIInterfaceOrientationPortraitUpsideDown UIInterfaceOrientationLandscapeLeft UIInterfaceOrientationLandscapeRight";
				INFOPLIST_KEY_UISupportedInterfaceOrientations_iPhone = "UIInterfaceOrientationPortrait UIInterfaceOrientationLandscapeLeft UIInterfaceOrientationLandscapeRight";
				LD_RUNPATH_SEARCH_PATHS = (
					"$(inherited)",
					"@executable_path/Frameworks",
				);
				MARKETING_VERSION = 1.0;
				PRODUCT_BUNDLE_IDENTIFIER = io.github.antwhale.SampleFileIO;
				PRODUCT_NAME = "$(TARGET_NAME)";
				SWIFT_EMIT_LOC_STRINGS = YES;
				SWIFT_VERSION = 5.0;
				TARGETED_DEVICE_FAMILY = "1,2";
			};
			name = Debug;
		};
		F8986C632B3760410026D18D /* Release */ = {
			isa = XCBuildConfiguration;
			buildSettings = {
				ASSETCATALOG_COMPILER_APPICON_NAME = AppIcon;
				ASSETCATALOG_COMPILER_GLOBAL_ACCENT_COLOR_NAME = AccentColor;
				CODE_SIGN_STYLE = Automatic;
				CURRENT_PROJECT_VERSION = 1;
				DEVELOPMENT_TEAM = 2KUAP497LD;
				GENERATE_INFOPLIST_FILE = YES;
				INFOPLIST_FILE = SampleFileIO/Info.plist;
				INFOPLIST_KEY_UIApplicationSupportsIndirectInputEvents = YES;
				INFOPLIST_KEY_UILaunchStoryboardName = LaunchScreen;
				INFOPLIST_KEY_UIMainStoryboardFile = Main;
				INFOPLIST_KEY_UISupportedInterfaceOrientations_iPad = "UIInterfaceOrientationPortrait UIInterfaceOrientationPortraitUpsideDown UIInterfaceOrientationLandscapeLeft UIInterfaceOrientationLandscapeRight";
				INFOPLIST_KEY_UISupportedInterfaceOrientations_iPhone = "UIInterfaceOrientationPortrait UIInterfaceOrientationLandscapeLeft UIInterfaceOrientationLandscapeRight";
				LD_RUNPATH_SEARCH_PATHS = (
					"$(inherited)",
					"@executable_path/Frameworks",
				);
				MARKETING_VERSION = 1.0;
				PRODUCT_BUNDLE_IDENTIFIER = io.github.antwhale.SampleFileIO;
				PRODUCT_NAME = "$(TARGET_NAME)";
				SWIFT_EMIT_LOC_STRINGS = YES;
				SWIFT_VERSION = 5.0;
				TARGETED_DEVICE_FAMILY = "1,2";
			};
			name = Release;
		};
		F8986C652B3760410026D18D /* Debug */ = {
			isa = XCBuildConfiguration;
			buildSettings = {
				ALWAYS_EMBED_SWIFT_STANDARD_LIBRARIES = YES;
				BUNDLE_LOADER = "$(TEST_HOST)";
				CODE_SIGN_STYLE = Automatic;
				CURRENT_PROJECT_VERSION = 1;
				DEVELOPMENT_TEAM = 2KUAP497LD;
				GENERATE_INFOPLIST_FILE = YES;
				IPHONEOS_DEPLOYMENT_TARGET = 17.0;
				MARKETING_VERSION = 1.0;
				PRODUCT_BUNDLE_IDENTIFIER = io.github.antwhale.SampleFileIOTests;
				PRODUCT_NAME = "$(TARGET_NAME)";
				SWIFT_EMIT_LOC_STRINGS = NO;
				SWIFT_VERSION = 5.0;
				TARGETED_DEVICE_FAMILY = "1,2";
				TEST_HOST = "$(BUILT_PRODUCTS_DIR)/SampleFileIO.app/$(BUNDLE_EXECUTABLE_FOLDER_PATH)/SampleFileIO";
			};
			name = Debug;
		};
		F8986C662B3760410026D18D /* Release */ = {
			isa = XCBuildConfiguration;
			buildSettings = {
				ALWAYS_EMBED_SWIFT_STANDARD_LIBRARIES = YES;
				BUNDLE_LOADER = "$(TEST_HOST)";
				CODE_SIGN_STYLE = Automatic;
				CURRENT_PROJECT_VERSION = 1;
				DEVELOPMENT_TEAM = 2KUAP497LD;
				GENERATE_INFOPLIST_FILE = YES;
				IPHONEOS_DEPLOYMENT_TARGET = 17.0;
				MARKETING_VERSION = 1.0;
				PRODUCT_BUNDLE_IDENTIFIER = io.github.antwhale.SampleFileIOTests;
				PRODUCT_NAME = "$(TARGET_NAME)";
				SWIFT_EMIT_LOC_STRINGS = NO;
				SWIFT_VERSION = 5.0;
				TARGETED_DEVICE_FAMILY = "1,2";
				TEST_HOST = "$(BUILT_PRODUCTS_DIR)/SampleFileIO.app/$(BUNDLE_EXECUTABLE_FOLDER_PATH)/SampleFileIO";
			};
			name = Release;
		};
		F8986C682B3760410026D18D /* Debug */ = {
			isa = XCBuildConfiguration;
			buildSettings = {
				ALWAYS_EMBED_SWIFT_STANDARD_LIBRARIES = YES;
				CODE_SIGN_STYLE = Automatic;
				CURRENT_PROJECT_VERSION = 1;
				DEVELOPMENT_TEAM = 2KUAP497LD;
				GENERATE_INFOPLIST_FILE = YES;
				MARKETING_VERSION = 1.0;
				PRODUCT_BUNDLE_IDENTIFIER = io.github.antwhale.SampleFileIOUITests;
				PRODUCT_NAME = "$(TARGET_NAME)";
				SWIFT_EMIT_LOC_STRINGS = NO;
				SWIFT_VERSION = 5.0;
				TARGETED_DEVICE_FAMILY = "1,2";
				TEST_TARGET_NAME = SampleFileIO;
			};
			name = Debug;
		};
		F8986C692B3760410026D18D /* Release */ = {
			isa = XCBuildConfiguration;
			buildSettings = {
				ALWAYS_EMBED_SWIFT_STANDARD_LIBRARIES = YES;
				CODE_SIGN_STYLE = Automatic;
				CURRENT_PROJECT_VERSION = 1;
				DEVELOPMENT_TEAM = 2KUAP497LD;
				GENERATE_INFOPLIST_FILE = YES;
				MARKETING_VERSION = 1.0;
				PRODUCT_BUNDLE_IDENTIFIER = io.github.antwhale.SampleFileIOUITests;
				PRODUCT_NAME = "$(TARGET_NAME)";
				SWIFT_EMIT_LOC_STRINGS = NO;
				SWIFT_VERSION = 5.0;
				TARGETED_DEVICE_FAMILY = "1,2";
				TEST_TARGET_NAME = SampleFileIO;
			};
			name = Release;
		};
/* End XCBuildConfiguration section */

/* Begin XCConfigurationList section */
		F8986C322B3760400026D18D /* Build configuration list for PBXProject "SampleFileIO" */ = {
			isa = XCConfigurationList;
			buildConfigurations = (
				F8986C5F2B3760410026D18D /* Debug */,
				F8986C602B3760410026D18D /* Release */,
			);
			defaultConfigurationIsVisible = 0;
			defaultConfigurationName = Release;
		};
		F8986C612B3760410026D18D /* Build configuration list for PBXNativeTarget "SampleFileIO" */ = {
			isa = XCConfigurationList;
			buildConfigurations = (
				F8986C622B3760410026D18D /* Debug */,
				F8986C632B3760410026D18D /* Release */,
			);
			defaultConfigurationIsVisible = 0;
			defaultConfigurationName = Release;
		};
		F8986C642B3760410026D18D /* Build configuration list for PBXNativeTarget "SampleFileIOTests" */ = {
			isa = XCConfigurationList;
			buildConfigurations = (
				F8986C652B3760410026D18D /* Debug */,
				F8986C662B3760410026D18D /* Release */,
			);
			defaultConfigurationIsVisible = 0;
			defaultConfigurationName = Release;
		};
		F8986C672B3760410026D18D /* Build configuration list for PBXNativeTarget "SampleFileIOUITests" */ = {
			isa = XCConfigurationList;
			buildConfigurations = (
				F8986C682B3760410026D18D /* Debug */,
				F8986C692B3760410026D18D /* Release */,
			);
			defaultConfigurationIsVisible = 0;
			defaultConfigurationName = Release;
		};
/* End XCConfigurationList section */
	};
	rootObject = F8986C2F2B3760400026D18D /* Project object */;
}
